
Microsoft Visual Studio Solution File, Format Version 12.00
# Visual Studio Version 16
VisualStudioVersion = 16.0.30907.101
MinimumVisualStudioVersion = 10.0.40219.1
Project("{FAE04EC0-301F-11D3-BF4B-00C04F79EFBC}") = "WpfRoutedEvent_2_1", "WpfRoutedEvent_2_1.csproj", "{5251CB3A-B0A5-448D-801B-EE150D958622}"
EndProject
Global
	GlobalSection(SolutionConfigurationPlatforms) = preSolution
		Debug|Any CPU = Debug|Any CPU
		Release|Any CPU = Release|Any CPU
	EndGlobalSection
	GlobalSection(ProjectConfigurationPlatforms) = postSolution
		{5251CB3A-B0A5-448D-801B-EE150D958622}.Debug|Any CPU.ActiveCfg = Debug|Any CPU
		{5251CB3A-B0A5-448D-801B-EE150D958622}.Debug|Any CPU.Build.0 = Debug|Any CPU
		{5251CB3A-B0A5-448D-801B-EE150D958622}.Release|Any CPU.ActiveCfg = Release|Any CPU
		{5251CB3A-B0A5-448D-801B-EE150D958622}.Release|Any CPU.Build.0 = Release|Any CPU
	EndGlobalSection
	GlobalSection(SolutionProperties) = preSolution
		HideSolutionNode = FALSE
	EndGlobalSection
	GlobalSection(ExtensibilityGlobals) = postSolution
		SolutionGuid = {D35A28BE-6BB8-4455-93BB-6B9663788848}
	EndGlobalSection
EndGlobal
